
Microsoft Visual Studio Solution File, Format Version 12.00
# Visual Studio Version 17
VisualStudioVersion = 17.9.34728.123
MinimumVisualStudioVersion = 10.0.40219.1
Project("{FAE04EC0-301F-11D3-BF4B-00C04F79EFBC}") = "Pia", "Pia\Pia.csproj", "{C86662C7-FA69-42E3-894A-58291F412325}"
EndProject
Global
	GlobalSection(SolutionConfigurationPlatforms) = preSolution
		Debug|Any CPU = Debug|Any CPU
		Release|Any CPU = Release|Any CPU
	EndGlobalSection
	GlobalSection(ProjectConfigurationPlatforms) = postSolution
		{C86662C7-FA69-42E3-894A-58291F412325}.Debug|Any CPU.ActiveCfg = Debug|Any CPU
		{C86662C7-FA69-42E3-894A-58291F412325}.Debug|Any CPU.Build.0 = Debug|Any CPU
		{C86662C7-FA69-42E3-894A-58291F412325}.Release|Any CPU.ActiveCfg = Release|Any CPU
		{C86662C7-FA69-42E3-894A-58291F412325}.Release|Any CPU.Build.0 = Release|Any CPU
	EndGlobalSection
	GlobalSection(SolutionProperties) = preSolution
		HideSolutionNode = FALSE
	EndGlobalSection
	GlobalSection(ExtensibilityGlobals) = postSolution
		SolutionGuid = {9B93DA84-C343-4155-BA99-BF03588F9813}
	EndGlobalSection
EndGlobal
